// !$*UTF8*$!
{
	archiveVersion = 1;
	classes = {
	};
	objectVersion = 46;
	objects = {

/* Begin PBXBuildFile section */
		2B9FE5BF1E45CE7000C63135 /* AppDelegate.swift in Sources */ = {isa = PBXBuildFile; fileRef = 2B9FE5BE1E45CE7000C63135 /* AppDelegate.swift */; };
		2B9FE5C11E45CE7000C63135 /* ViewController.swift in Sources */ = {isa = PBXBuildFile; fileRef = 2B9FE5C01E45CE7000C63135 /* ViewController.swift */; };
		2B9FE5C41E45CE7000C63135 /* Main.storyboard in Resources */ = {isa = PBXBuildFile; fileRef = 2B9FE5C21E45CE7000C63135 /* Main.storyboard */; };
		2B9FE5C61E45CE7000C63135 /* Assets.xcassets in Resources */ = {isa = PBXBuildFile; fileRef = 2B9FE5C51E45CE7000C63135 /* Assets.xcassets */; };
		2B9FE5C91E45CE7000C63135 /* LaunchScreen.storyboard in Resources */ = {isa = PBXBuildFile; fileRef = 2B9FE5C71E45CE7000C63135 /* LaunchScreen.storyboard */; };
		2B9FE5D11E45CE7900C63135 /* UIButton+AlphaMask.swift in Sources */ = {isa = PBXBuildFile; fileRef = 2B9FE5D01E45CE7900C63135 /* UIButton+AlphaMask.swift */; };
/* End PBXBuildFile section */

/* Begin PBXFileReference section */
		2B9FE5BB1E45CE7000C63135 /* UIButton+AlphaMask.app */ = {isa = PBXFileReference; explicitFileType = wrapper.application; includeInIndex = 0; path = "UIButton+AlphaMask.app"; sourceTree = BUILT_PRODUCTS_DIR; };
		2B9FE5BE1E45CE7000C63135 /* AppDelegate.swift */ = {isa = PBXFileReference; lastKnownFileType = sourcecode.swift; name = AppDelegate.swift; path = "UIButton+AlphaMask/AppDelegate.swift"; sourceTree = "<group>"; };
		2B9FE5C01E45CE7000C63135 /* ViewController.swift */ = {isa = PBXFileReference; lastKnownFileType = sourcecode.swift; name = ViewController.swift; path = "UIButton+AlphaMask/ViewController.swift"; sourceTree = "<group>"; };
		2B9FE5C31E45CE7000C63135 /* Base */ = {isa = PBXFileReference; lastKnownFileType = file.storyboard; name = Base; path = Base.lproj/Main.storyboard; sourceTree = "<group>"; };
		2B9FE5C51E45CE7000C63135 /* Assets.xcassets */ = {isa = PBXFileReference; lastKnownFileType = folder.assetcatalog; path = Assets.xcassets; sourceTree = "<group>"; };
		2B9FE5C81E45CE7000C63135 /* Base */ = {isa = PBXFileReference; lastKnownFileType = file.storyboard; name = Base; path = Base.lproj/LaunchScreen.storyboard; sourceTree = "<group>"; };
		2B9FE5CA1E45CE7000C63135 /* Info.plist */ = {isa = PBXFileReference; lastKnownFileType = text.plist.xml; path = Info.plist; sourceTree = "<group>"; };
		2B9FE5D01E45CE7900C63135 /* UIButton+AlphaMask.swift */ = {isa = PBXFileReference; fileEncoding = 4; lastKnownFileType = sourcecode.swift; name = "UIButton+AlphaMask.swift"; path = "UIButton+AlphaMask/UIButton+AlphaMask.swift"; sourceTree = "<group>"; };
/* End PBXFileReference section */

/* Begin PBXFrameworksBuildPhase section */
		2B9FE5B81E45CE7000C63135 /* Frameworks */ = {
			isa = PBXFrameworksBuildPhase;
			buildActionMask = 2147483647;
			files = (
			);
			runOnlyForDeploymentPostprocessing = 0;
		};
/* End PBXFrameworksBuildPhase section */

/* Begin PBXGroup section */
		2B9FE5B21E45CE7000C63135 = {
			isa = PBXGroup;
			children = (
				2B9FE5D01E45CE7900C63135 /* UIButton+AlphaMask.swift */,
				2B9FE5BE1E45CE7000C63135 /* AppDelegate.swift */,
				2B9FE5C01E45CE7000C63135 /* ViewController.swift */,
				2B9FE5BD1E45CE7000C63135 /* Resources */,
				2B9FE5BC1E45CE7000C63135 /* Products */,
			);
			sourceTree = "<group>";
		};
		2B9FE5BC1E45CE7000C63135 /* Products */ = {
			isa = PBXGroup;
			children = (
				2B9FE5BB1E45CE7000C63135 /* UIButton+AlphaMask.app */,
			);
			name = Products;
			sourceTree = "<group>";
		};
		2B9FE5BD1E45CE7000C63135 /* Resources */ = {
			isa = PBXGroup;
			children = (
				2B9FE5C21E45CE7000C63135 /* Main.storyboard */,
				2B9FE5C51E45CE7000C63135 /* Assets.xcassets */,
				2B9FE5C71E45CE7000C63135 /* LaunchScreen.storyboard */,
				2B9FE5CA1E45CE7000C63135 /* Info.plist */,
			);
			name = Resources;
			path = "UIButton+AlphaMask";
			sourceTree = "<group>";
		};
/* End PBXGroup section */

/* Begin PBXNativeTarget section */
		2B9FE5BA1E45CE7000C63135 /* UIButton+AlphaMask */ = {
			isa = PBXNativeTarget;
			buildConfigurationList = 2B9FE5CD1E45CE7000C63135 /* Build configuration list for PBXNativeTarget "UIButton+AlphaMask" */;
			buildPhases = (
				2B9FE5B71E45CE7000C63135 /* Sources */,
				2B9FE5B81E45CE7000C63135 /* Frameworks */,
				2B9FE5B91E45CE7000C63135 /* Resources */,
			);
			buildRules = (
			);
			dependencies = (
			);
			name = "UIButton+AlphaMask";
			productName = "UIButton+AlphaMask";
			productReference = 2B9FE5BB1E45CE7000C63135 /* UIButton+AlphaMask.app */;
			productType = "com.apple.product-type.application";
		};
/* End PBXNativeTarget section */

/* Begin PBXProject section */
		2B9FE5B31E45CE7000C63135 /* Project object */ = {
			isa = PBXProject;
			attributes = {
				LastSwiftUpdateCheck = 0820;
				LastUpgradeCheck = 0820;
				ORGANIZATIONNAME = sofapps;
				TargetAttributes = {
					2B9FE5BA1E45CE7000C63135 = {
						CreatedOnToolsVersion = 8.2.1;
						ProvisioningStyle = Manual;
					};
				};
			};
			buildConfigurationList = 2B9FE5B61E45CE7000C63135 /* Build configuration list for PBXProject "UIButton+AlphaMask" */;
			compatibilityVersion = "Xcode 3.2";
			developmentRegion = English;
			hasScannedForEncodings = 0;
			knownRegions = (
				en,
				Base,
			);
			mainGroup = 2B9FE5B21E45CE7000C63135;
			productRefGroup = 2B9FE5BC1E45CE7000C63135 /* Products */;
			projectDirPath = "";
			projectRoot = "";
			targets = (
				2B9FE5BA1E45CE7000C63135 /* UIButton+AlphaMask */,
			);
		};
/* End PBXProject section */

/* Begin PBXResourcesBuildPhase section */
		2B9FE5B91E45CE7000C63135 /* Resources */ = {
			isa = PBXResourcesBuildPhase;
			buildActionMask = 2147483647;
			files = (
				2B9FE5C91E45CE7000C63135 /* LaunchScreen.storyboard in Resources */,
				2B9FE5C61E45CE7000C63135 /* Assets.xcassets in Resources */,
				2B9FE5C41E45CE7000C63135 /* Main.storyboard in Resources */,
			);
			runOnlyForDeploymentPostprocessing = 0;
		};
/* End PBXResourcesBuildPhase section */

/* Begin PBXSourcesBuildPhase section */
		2B9FE5B71E45CE7000C63135 /* Sources */ = {
			isa = PBXSourcesBuildPhase;
			buildActionMask = 2147483647;
			files = (
				2B9FE5C11E45CE7000C63135 /* ViewController.swift in Sources */,
				2B9FE5D11E45CE7900C63135 /* UIButton+AlphaMask.swift in Sources */,
				2B9FE5BF1E45CE7000C63135 /* AppDelegate.swift in Sources */,
			);
			runOnlyForDeploymentPostprocessing = 0;
		};
/* End PBXSourcesBuildPhase section */

/* Begin PBXVariantGroup section */
		2B9FE5C21E45CE7000C63135 /* Main.storyboard */ = {
			isa = PBXVariantGroup;
			children = (
				2B9FE5C31E45CE7000C63135 /* Base */,
			);
			name = Main.storyboard;
			sourceTree = "<group>";
		};
		2B9FE5C71E45CE7000C63135 /* LaunchScreen.storyboard */ = {
			isa = PBXVariantGroup;
			children = (
				2B9FE5C81E45CE7000C63135 /* Base */,
			);
			name = LaunchScreen.storyboard;
			sourceTree = "<group>";
		};
/* End PBXVariantGroup section */

/* Begin XCBuildConfiguration section */
		2B9FE5CB1E45CE7000C63135 /* Debug */ = {
			isa = XCBuildConfiguration;
			buildSettings = {
				ALWAYS_SEARCH_USER_PATHS = NO;
				CLANG_ANALYZER_NONNULL = YES;
				CLANG_CXX_LANGUAGE_STANDARD = "gnu++0x";
				CLANG_CXX_LIBRARY = "libc++";
				CLANG_ENABLE_MODULES = YES;
				CLANG_ENABLE_OBJC_ARC = YES;
				CLANG_WARN_BOOL_CONVERSION = YES;
				CLANG_WARN_CONSTANT_CONVERSION = YES;
				CLANG_WARN_DIRECT_OBJC_ISA_USAGE = YES_ERROR;
				CLANG_WARN_DOCUMENTATION_COMMENTS = YES;
				CLANG_WARN_EMPTY_BODY = YES;
				CLANG_WARN_ENUM_CONVERSION = YES;
				CLANG_WARN_INFINITE_RECURSION = YES;
				CLANG_WARN_INT_CONVERSION = YES;
				CLANG_WARN_OBJC_ROOT_CLASS = YES_ERROR;
				CLANG_WARN_SUSPICIOUS_MOVE = YES;
				CLANG_WARN_UNREACHABLE_CODE = YES;
				CLANG_WARN__DUPLICATE_METHOD_MATCH = YES;
				"CODE_SIGN_IDENTITY[sdk=iphoneos*]" = "iPhone Developer";
				COPY_PHASE_STRIP = NO;
				DEBUG_INFORMATION_FORMAT = dwarf;
				ENABLE_STRICT_OBJC_MSGSEND = YES;
				ENABLE_TESTABILITY = YES;
				GCC_C_LANGUAGE_STANDARD = gnu99;
				GCC_DYNAMIC_NO_PIC = NO;
				GCC_NO_COMMON_BLOCKS = YES;
				GCC_OPTIMIZATION_LEVEL = 0;
				GCC_PREPROCESSOR_DEFINITIONS = (
					"DEBUG=1",
					"$(inherited)",
				);
				GCC_WARN_64_TO_32_BIT_CONVERSION = YES;
				GCC_WARN_ABOUT_RETURN_TYPE = YES_ERROR;
				GCC_WARN_UNDECLARED_SELECTOR = YES;
				GCC_WARN_UNINITIALIZED_AUTOS = YES_AGGRESSIVE;
				GCC_WARN_UNUSED_FUNCTION = YES;
				GCC_WARN_UNUSED_VARIABLE = YES;
				IPHONEOS_DEPLOYMENT_TARGET = 10.2;
				MTL_ENABLE_DEBUG_INFO = YES;
				ONLY_ACTIVE_ARCH = YES;
				SDKROOT = iphoneos;
				SWIFT_ACTIVE_COMPILATION_CONDITIONS = DEBUG;
				SWIFT_OPTIMIZATION_LEVEL = "-Onone";
				TARGETED_DEVICE_FAMILY = "1,2";
			};
			name = Debug;
		};
		2B9FE5CC1E45CE7000C63135 /* Release */ = {
			isa = XCBuildConfiguration;
			buildSettings = {
				ALWAYS_SEARCH_USER_PATHS = NO;
				CLANG_ANALYZER_NONNULL = YES;
				CLANG_CXX_LANGUAGE_STANDARD = "gnu++0x";
				CLANG_CXX_LIBRARY = "libc++";
				CLANG_ENABLE_MODULES = YES;
				CLANG_ENABLE_OBJC_ARC = YES;
				CLANG_WARN_BOOL_CONVERSION = YES;
				CLANG_WARN_CONSTANT_CONVERSION = YES;
				CLANG_WARN_DIRECT_OBJC_ISA_USAGE = YES_ERROR;
				CLANG_WARN_DOCUMENTATION_COMMENTS = YES;
				CLANG_WARN_EMPTY_BODY = YES;
				CLANG_WARN_ENUM_CONVERSION = YES;
				CLANG_WARN_INFINITE_RECURSION = YES;
				CLANG_WARN_INT_CONVERSION = YES;
				CLANG_WARN_OBJC_ROOT_CLASS = YES_ERROR;
				CLANG_WARN_SUSPICIOUS_MOVE = YES;
				CLANG_WARN_UNREACHABLE_CODE = YES;
				CLANG_WARN__DUPLICATE_METHOD_MATCH = YES;
				"CODE_SIGN_IDENTITY[sdk=iphoneos*]" = "iPhone Developer";
				COPY_PHASE_STRIP = NO;
				DEBUG_INFORMATION_FORMAT = "dwarf-with-dsym";
				ENABLE_NS_ASSERTIONS = NO;
				ENABLE_STRICT_OBJC_MSGSEND = YES;
				GCC_C_LANGUAGE_STANDARD = gnu99;
				GCC_NO_COMMON_BLOCKS = YES;
				GCC_WARN_64_TO_32_BIT_CONVERSION = YES;
				GCC_WARN_ABOUT_RETURN_TYPE = YES_ERROR;
				GCC_WARN_UNDECLARED_SELECTOR = YES;
				GCC_WARN_UNINITIALIZED_AUTOS = YES_AGGRESSIVE;
				GCC_WARN_UNUSED_FUNCTION = YES;
				GCC_WARN_UNUSED_VARIABLE = YES;
				IPHONEOS_DEPLOYMENT_TARGET = 10.2;
				MTL_ENABLE_DEBUG_INFO = NO;
				SDKROOT = iphoneos;
				SWIFT_OPTIMIZATION_LEVEL = "-Owholemodule";
				TARGETED_DEVICE_FAMILY = "1,2";
				VALIDATE_PRODUCT = YES;
			};
			name = Release;
		};
		2B9FE5CE1E45CE7000C63135 /* Debug */ = {
			isa = XCBuildConfiguration;
			buildSettings = {
				ASSETCATALOG_COMPILER_APPICON_NAME = AppIcon;
				DEVELOPMENT_TEAM = "";
				INFOPLIST_FILE = "UIButton+AlphaMask/Info.plist";
				LD_RUNPATH_SEARCH_PATHS = "$(inherited) @executable_path/Frameworks";
				PRODUCT_BUNDLE_IDENTIFIER = "it.sofapps.UIButton-AlphaMask";
				PRODUCT_NAME = "$(TARGET_NAME)";
				SWIFT_VERSION = 3.0;
			};
			name = Debug;
		};
		2B9FE5CF1E45CE7000C63135 /* Release */ = {
			isa = XCBuildConfiguration;
			buildSettings = {
				ASSETCATALOG_COMPILER_APPICON_NAME = AppIcon;
				DEVELOPMENT_TEAM = "";
				INFOPLIST_FILE = "UIButton+AlphaMask/Info.plist";
				LD_RUNPATH_SEARCH_PATHS = "$(inherited) @executable_path/Frameworks";
				PRODUCT_BUNDLE_IDENTIFIER = "it.sofapps.UIButton-AlphaMask";
				PRODUCT_NAME = "$(TARGET_NAME)";
				SWIFT_VERSION = 3.0;
			};
			name = Release;
		};
/* End XCBuildConfiguration section */

/* Begin XCConfigurationList section */
		2B9FE5B61E45CE7000C63135 /* Build configuration list for PBXProject "UIButton+AlphaMask" */ = {
			isa = XCConfigurationList;
			buildConfigurations = (
				2B9FE5CB1E45CE7000C63135 /* Debug */,
				2B9FE5CC1E45CE7000C63135 /* Release */,
			);
			defaultConfigurationIsVisible = 0;
			defaultConfigurationName = Release;
		};
		2B9FE5CD1E45CE7000C63135 /* Build configuration list for PBXNativeTarget "UIButton+AlphaMask" */ = {
			isa = XCConfigurationList;
			buildConfigurations = (
				2B9FE5CE1E45CE7000C63135 /* Debug */,
				2B9FE5CF1E45CE7000C63135 /* Release */,
			);
			defaultConfigurationIsVisible = 0;
		};
/* End XCConfigurationList section */
	};
	rootObject = 2B9FE5B31E45CE7000C63135 /* Project object */;
}
